
Microsoft Visual Studio Solution File, Format Version 12.00
# Visual Studio 2012
Project("{FAE04EC0-301F-11D3-BF4B-00C04F79EFBC}") = "HotelManagement.Mvc", "HotelManagement.Mvc\HotelManagement.Mvc.csproj", "{EF9C76FA-69E4-414B-A09A-64BE7DE95FE0}"
EndProject
Project("{FAE04EC0-301F-11D3-BF4B-00C04F79EFBC}") = "HotelManagement.Tests", "HotelManagement.Tests\HotelManagement.Tests.csproj", "{279993C5-979A-407D-A704-B7556918BA1F}"
EndProject
Global
	GlobalSection(SolutionConfigurationPlatforms) = preSolution
		Debug|Any CPU = Debug|Any CPU
		Release|Any CPU = Release|Any CPU
	EndGlobalSection
	GlobalSection(ProjectConfigurationPlatforms) = postSolution
		{EF9C76FA-69E4-414B-A09A-64BE7DE95FE0}.Debug|Any CPU.ActiveCfg = Debug|Any CPU
		{EF9C76FA-69E4-414B-A09A-64BE7DE95FE0}.Debug|Any CPU.Build.0 = Debug|Any CPU
		{EF9C76FA-69E4-414B-A09A-64BE7DE95FE0}.Release|Any CPU.ActiveCfg = Release|Any CPU
		{EF9C76FA-69E4-414B-A09A-64BE7DE95FE0}.Release|Any CPU.Build.0 = Release|Any CPU
		{279993C5-979A-407D-A704-B7556918BA1F}.Debug|Any CPU.ActiveCfg = Debug|Any CPU
		{279993C5-979A-407D-A704-B7556918BA1F}.Debug|Any CPU.Build.0 = Debug|Any CPU
		{279993C5-979A-407D-A704-B7556918BA1F}.Release|Any CPU.ActiveCfg = Release|Any CPU
		{279993C5-979A-407D-A704-B7556918BA1F}.Release|Any CPU.Build.0 = Release|Any CPU
	EndGlobalSection
	GlobalSection(SolutionProperties) = preSolution
		HideSolutionNode = FALSE
	EndGlobalSection
EndGlobal
